
Microsoft Visual Studio Solution File, Format Version 12.00
# Visual Studio Version 17
VisualStudioVersion = 17.0.32014.148
MinimumVisualStudioVersion = 10.0.40219.1
Project("{9A19103F-16F7-4668-BE54-9A1E7A4F7556}") = "TimCodes.Mtd.Vat.Core", "TimCodes.Mtd.Vat.Core\TimCodes.Mtd.Vat.Core.csproj", "{448AB0D4-C9FB-41EE-9D82-D0DAAC049B3C}"
EndProject
Project("{9A19103F-16F7-4668-BE54-9A1E7A4F7556}") = "TimCodes.Mtd.Vat.App", "TimCodes.Mtd.Vat.App\TimCodes.Mtd.Vat.App.csproj", "{0DA6CFC1-4793-4504-83B6-35CFA76382F5}"
EndProject
Project("{2150E333-8FDC-42A3-9474-1A3956D46DE8}") = "Solution Items", "Solution Items", "{4AB249F0-496F-41BB-81F8-0EB1C922CC71}"
	ProjectSection(SolutionItems) = preProject
		.editorconfig = .editorconfig
	EndProjectSection
EndProject
Global
	GlobalSection(SolutionConfigurationPlatforms) = preSolution
		Debug|Any CPU = Debug|Any CPU
		Release|Any CPU = Release|Any CPU
	EndGlobalSection
	GlobalSection(ProjectConfigurationPlatforms) = postSolution
		{448AB0D4-C9FB-41EE-9D82-D0DAAC049B3C}.Debug|Any CPU.ActiveCfg = Debug|Any CPU
		{448AB0D4-C9FB-41EE-9D82-D0DAAC049B3C}.Debug|Any CPU.Build.0 = Debug|Any CPU
		{448AB0D4-C9FB-41EE-9D82-D0DAAC049B3C}.Release|Any CPU.ActiveCfg = Release|Any CPU
		{448AB0D4-C9FB-41EE-9D82-D0DAAC049B3C}.Release|Any CPU.Build.0 = Release|Any CPU
		{0DA6CFC1-4793-4504-83B6-35CFA76382F5}.Debug|Any CPU.ActiveCfg = Debug|Any CPU
		{0DA6CFC1-4793-4504-83B6-35CFA76382F5}.Debug|Any CPU.Build.0 = Debug|Any CPU
		{0DA6CFC1-4793-4504-83B6-35CFA76382F5}.Release|Any CPU.ActiveCfg = Release|Any CPU
		{0DA6CFC1-4793-4504-83B6-35CFA76382F5}.Release|Any CPU.Build.0 = Release|Any CPU
	EndGlobalSection
	GlobalSection(SolutionProperties) = preSolution
		HideSolutionNode = FALSE
	EndGlobalSection
	GlobalSection(ExtensibilityGlobals) = postSolution
		SolutionGuid = {F1473357-302C-473D-9C83-FE84ACEAADD7}
	EndGlobalSection
EndGlobal
